// !$*UTF8*$!
{
	archiveVersion = 1;
	classes = {
	};
	objectVersion = 46;
	objects = {

/* Begin PBXBuildFile section */
		116AFA101F5B178100CBFBA1 /* AppDelegate.swift in Sources */ = {isa = PBXBuildFile; fileRef = 116AFA0F1F5B178100CBFBA1 /* AppDelegate.swift */; };
		116AFA121F5B178100CBFBA1 /* ViewController.swift in Sources */ = {isa = PBXBuildFile; fileRef = 116AFA111F5B178100CBFBA1 /* ViewController.swift */; };
		116AFA151F5B178100CBFBA1 /* Main.storyboard in Resources */ = {isa = PBXBuildFile; fileRef = 116AFA131F5B178100CBFBA1 /* Main.storyboard */; };
		116AFA171F5B178100CBFBA1 /* Assets.xcassets in Resources */ = {isa = PBXBuildFile; fileRef = 116AFA161F5B178100CBFBA1 /* Assets.xcassets */; };
		116AFA1A1F5B178100CBFBA1 /* LaunchScreen.storyboard in Resources */ = {isa = PBXBuildFile; fileRef = 116AFA181F5B178100CBFBA1 /* LaunchScreen.storyboard */; };
		116AFA231F5B1ED100CBFBA1 /* CoinInfo.swift in Sources */ = {isa = PBXBuildFile; fileRef = 116AFA221F5B1ED100CBFBA1 /* CoinInfo.swift */; };
		116AFA251F5B1F1600CBFBA1 /* SessionRx.swift in Sources */ = {isa = PBXBuildFile; fileRef = 116AFA241F5B1F1600CBFBA1 /* SessionRx.swift */; };
		116AFA271F5B1F4200CBFBA1 /* API.swift in Sources */ = {isa = PBXBuildFile; fileRef = 116AFA261F5B1F4200CBFBA1 /* API.swift */; };
		116AFA291F5B1FF300CBFBA1 /* ListViewModel.swift in Sources */ = {isa = PBXBuildFile; fileRef = 116AFA281F5B1FF300CBFBA1 /* ListViewModel.swift */; };
		116AFA2C1F5B205300CBFBA1 /* ListCell.swift in Sources */ = {isa = PBXBuildFile; fileRef = 116AFA2A1F5B205300CBFBA1 /* ListCell.swift */; };
		116AFA2D1F5B205300CBFBA1 /* ListCell.xib in Resources */ = {isa = PBXBuildFile; fileRef = 116AFA2B1F5B205300CBFBA1 /* ListCell.xib */; };
		118615C81F5C504900D68A86 /* CoinType.swift in Sources */ = {isa = PBXBuildFile; fileRef = 118615C71F5C504900D68A86 /* CoinType.swift */; };
		7699558568183840E388A754 /* Pods_CoinChecker.framework in Frameworks */ = {isa = PBXBuildFile; fileRef = 1360EBBE16A0CD85F4A0FE5D /* Pods_CoinChecker.framework */; };
/* End PBXBuildFile section */

/* Begin PBXFileReference section */
		116AFA0C1F5B178100CBFBA1 /* CoinChecker.app */ = {isa = PBXFileReference; explicitFileType = wrapper.application; includeInIndex = 0; path = CoinChecker.app; sourceTree = BUILT_PRODUCTS_DIR; };
		116AFA0F1F5B178100CBFBA1 /* AppDelegate.swift */ = {isa = PBXFileReference; lastKnownFileType = sourcecode.swift; path = AppDelegate.swift; sourceTree = "<group>"; };
		116AFA111F5B178100CBFBA1 /* ViewController.swift */ = {isa = PBXFileReference; lastKnownFileType = sourcecode.swift; path = ViewController.swift; sourceTree = "<group>"; };
		116AFA141F5B178100CBFBA1 /* Base */ = {isa = PBXFileReference; lastKnownFileType = file.storyboard; name = Base; path = Base.lproj/Main.storyboard; sourceTree = "<group>"; };
		116AFA161F5B178100CBFBA1 /* Assets.xcassets */ = {isa = PBXFileReference; lastKnownFileType = folder.assetcatalog; path = Assets.xcassets; sourceTree = "<group>"; };
		116AFA191F5B178100CBFBA1 /* Base */ = {isa = PBXFileReference; lastKnownFileType = file.storyboard; name = Base; path = Base.lproj/LaunchScreen.storyboard; sourceTree = "<group>"; };
		116AFA1B1F5B178100CBFBA1 /* Info.plist */ = {isa = PBXFileReference; lastKnownFileType = text.plist.xml; path = Info.plist; sourceTree = "<group>"; };
		116AFA221F5B1ED100CBFBA1 /* CoinInfo.swift */ = {isa = PBXFileReference; fileEncoding = 4; lastKnownFileType = sourcecode.swift; path = CoinInfo.swift; sourceTree = "<group>"; };
		116AFA241F5B1F1600CBFBA1 /* SessionRx.swift */ = {isa = PBXFileReference; fileEncoding = 4; lastKnownFileType = sourcecode.swift; path = SessionRx.swift; sourceTree = "<group>"; };
		116AFA261F5B1F4200CBFBA1 /* API.swift */ = {isa = PBXFileReference; fileEncoding = 4; lastKnownFileType = sourcecode.swift; path = API.swift; sourceTree = "<group>"; };
		116AFA281F5B1FF300CBFBA1 /* ListViewModel.swift */ = {isa = PBXFileReference; fileEncoding = 4; lastKnownFileType = sourcecode.swift; path = ListViewModel.swift; sourceTree = "<group>"; };
		116AFA2A1F5B205300CBFBA1 /* ListCell.swift */ = {isa = PBXFileReference; fileEncoding = 4; lastKnownFileType = sourcecode.swift; path = ListCell.swift; sourceTree = "<group>"; };
		116AFA2B1F5B205300CBFBA1 /* ListCell.xib */ = {isa = PBXFileReference; fileEncoding = 4; lastKnownFileType = file.xib; path = ListCell.xib; sourceTree = "<group>"; };
		118615C71F5C504900D68A86 /* CoinType.swift */ = {isa = PBXFileReference; fileEncoding = 4; lastKnownFileType = sourcecode.swift; path = CoinType.swift; sourceTree = "<group>"; };
		1360EBBE16A0CD85F4A0FE5D /* Pods_CoinChecker.framework */ = {isa = PBXFileReference; explicitFileType = wrapper.framework; includeInIndex = 0; path = Pods_CoinChecker.framework; sourceTree = BUILT_PRODUCTS_DIR; };
		78A1A1A390FB46C579EA7A43 /* Pods-CoinChecker.debug.xcconfig */ = {isa = PBXFileReference; includeInIndex = 1; lastKnownFileType = text.xcconfig; name = "Pods-CoinChecker.debug.xcconfig"; path = "Pods/Target Support Files/Pods-CoinChecker/Pods-CoinChecker.debug.xcconfig"; sourceTree = "<group>"; };
		F6627A2A5F5C7E1C9808D244 /* Pods-CoinChecker.release.xcconfig */ = {isa = PBXFileReference; includeInIndex = 1; lastKnownFileType = text.xcconfig; name = "Pods-CoinChecker.release.xcconfig"; path = "Pods/Target Support Files/Pods-CoinChecker/Pods-CoinChecker.release.xcconfig"; sourceTree = "<group>"; };
/* End PBXFileReference section */

/* Begin PBXFrameworksBuildPhase section */
		116AFA091F5B178100CBFBA1 /* Frameworks */ = {
			isa = PBXFrameworksBuildPhase;
			buildActionMask = 2147483647;
			files = (
				7699558568183840E388A754 /* Pods_CoinChecker.framework in Frameworks */,
			);
			runOnlyForDeploymentPostprocessing = 0;
		};
/* End PBXFrameworksBuildPhase section */

/* Begin PBXGroup section */
		116AFA031F5B178100CBFBA1 = {
			isa = PBXGroup;
			children = (
				116AFA0E1F5B178100CBFBA1 /* CoinChecker */,
				116AFA0D1F5B178100CBFBA1 /* Products */,
				89BEAB1F9D397F19A12E9B0E /* Pods */,
				99CEF3A60B5DF825DB5E9C50 /* Frameworks */,
			);
			sourceTree = "<group>";
		};
		116AFA0D1F5B178100CBFBA1 /* Products */ = {
			isa = PBXGroup;
			children = (
				116AFA0C1F5B178100CBFBA1 /* CoinChecker.app */,
			);
			name = Products;
			sourceTree = "<group>";
		};
		116AFA0E1F5B178100CBFBA1 /* CoinChecker */ = {
			isa = PBXGroup;
			children = (
				116AFA0F1F5B178100CBFBA1 /* AppDelegate.swift */,
				116AFA221F5B1ED100CBFBA1 /* CoinInfo.swift */,
				118615C71F5C504900D68A86 /* CoinType.swift */,
				116AFA241F5B1F1600CBFBA1 /* SessionRx.swift */,
				116AFA261F5B1F4200CBFBA1 /* API.swift */,
				116AFA281F5B1FF300CBFBA1 /* ListViewModel.swift */,
				116AFA2A1F5B205300CBFBA1 /* ListCell.swift */,
				116AFA2B1F5B205300CBFBA1 /* ListCell.xib */,
				116AFA111F5B178100CBFBA1 /* ViewController.swift */,
				116AFA131F5B178100CBFBA1 /* Main.storyboard */,
				116AFA161F5B178100CBFBA1 /* Assets.xcassets */,
				116AFA181F5B178100CBFBA1 /* LaunchScreen.storyboard */,
				116AFA1B1F5B178100CBFBA1 /* Info.plist */,
			);
			path = CoinChecker;
			sourceTree = "<group>";
		};
		89BEAB1F9D397F19A12E9B0E /* Pods */ = {
			isa = PBXGroup;
			children = (
				78A1A1A390FB46C579EA7A43 /* Pods-CoinChecker.debug.xcconfig */,
				F6627A2A5F5C7E1C9808D244 /* Pods-CoinChecker.release.xcconfig */,
			);
			name = Pods;
			sourceTree = "<group>";
		};
		99CEF3A60B5DF825DB5E9C50 /* Frameworks */ = {
			isa = PBXGroup;
			children = (
				1360EBBE16A0CD85F4A0FE5D /* Pods_CoinChecker.framework */,
			);
			name = Frameworks;
			sourceTree = "<group>";
		};
/* End PBXGroup section */

/* Begin PBXNativeTarget section */
		116AFA0B1F5B178100CBFBA1 /* CoinChecker */ = {
			isa = PBXNativeTarget;
			buildConfigurationList = 116AFA1E1F5B178100CBFBA1 /* Build configuration list for PBXNativeTarget "CoinChecker" */;
			buildPhases = (
				B53AC5559EEF822A9F2BDD19 /* [CP] Check Pods Manifest.lock */,
				116AFA081F5B178100CBFBA1 /* Sources */,
				116AFA091F5B178100CBFBA1 /* Frameworks */,
				116AFA0A1F5B178100CBFBA1 /* Resources */,
				C637702A7CF526931BB83FEC /* [CP] Embed Pods Frameworks */,
				C1085FA3558188F641A8C653 /* [CP] Copy Pods Resources */,
			);
			buildRules = (
			);
			dependencies = (
			);
			name = CoinChecker;
			productName = CoinChecker;
			productReference = 116AFA0C1F5B178100CBFBA1 /* CoinChecker.app */;
			productType = "com.apple.product-type.application";
		};
/* End PBXNativeTarget section */

/* Begin PBXProject section */
		116AFA041F5B178100CBFBA1 /* Project object */ = {
			isa = PBXProject;
			attributes = {
				LastSwiftUpdateCheck = 0830;
				LastUpgradeCheck = 0830;
				ORGANIZATIONNAME = "Shunsuke Kondo";
				TargetAttributes = {
					116AFA0B1F5B178100CBFBA1 = {
						CreatedOnToolsVersion = 8.3.3;
						DevelopmentTeam = GNCWC9L25V;
						ProvisioningStyle = Automatic;
					};
				};
			};
			buildConfigurationList = 116AFA071F5B178100CBFBA1 /* Build configuration list for PBXProject "CoinChecker" */;
			compatibilityVersion = "Xcode 3.2";
			developmentRegion = English;
			hasScannedForEncodings = 0;
			knownRegions = (
				en,
				Base,
			);
			mainGroup = 116AFA031F5B178100CBFBA1;
			productRefGroup = 116AFA0D1F5B178100CBFBA1 /* Products */;
			projectDirPath = "";
			projectRoot = "";
			targets = (
				116AFA0B1F5B178100CBFBA1 /* CoinChecker */,
			);
		};
/* End PBXProject section */

/* Begin PBXResourcesBuildPhase section */
		116AFA0A1F5B178100CBFBA1 /* Resources */ = {
			isa = PBXResourcesBuildPhase;
			buildActionMask = 2147483647;
			files = (
				116AFA1A1F5B178100CBFBA1 /* LaunchScreen.storyboard in Resources */,
				116AFA2D1F5B205300CBFBA1 /* ListCell.xib in Resources */,
				116AFA171F5B178100CBFBA1 /* Assets.xcassets in Resources */,
				116AFA151F5B178100CBFBA1 /* Main.storyboard in Resources */,
			);
			runOnlyForDeploymentPostprocessing = 0;
		};
/* End PBXResourcesBuildPhase section */

/* Begin PBXShellScriptBuildPhase section */
		B53AC5559EEF822A9F2BDD19 /* [CP] Check Pods Manifest.lock */ = {
			isa = PBXShellScriptBuildPhase;
			buildActionMask = 2147483647;
			files = (
			);
			inputPaths = (
				"${PODS_PODFILE_DIR_PATH}/Podfile.lock",
				"${PODS_ROOT}/Manifest.lock",
			);
			name = "[CP] Check Pods Manifest.lock";
			outputPaths = (
				"$(DERIVED_FILE_DIR)/Pods-CoinChecker-checkManifestLockResult.txt",
			);
			runOnlyForDeploymentPostprocessing = 0;
			shellPath = /bin/sh;
			shellScript = "diff \"${PODS_PODFILE_DIR_PATH}/Podfile.lock\" \"${PODS_ROOT}/Manifest.lock\" > /dev/null\nif [ $? != 0 ] ; then\n    # print error to STDERR\n    echo \"error: The sandbox is not in sync with the Podfile.lock. Run 'pod install' or update your CocoaPods installation.\" >&2\n    exit 1\nfi\n# This output is used by Xcode 'outputs' to avoid re-running this script phase.\necho \"SUCCESS\" > \"${SCRIPT_OUTPUT_FILE_0}\"\n";
			showEnvVarsInLog = 0;
		};
		C1085FA3558188F641A8C653 /* [CP] Copy Pods Resources */ = {
			isa = PBXShellScriptBuildPhase;
			buildActionMask = 2147483647;
			files = (
			);
			inputPaths = (
			);
			name = "[CP] Copy Pods Resources";
			outputPaths = (
			);
			runOnlyForDeploymentPostprocessing = 0;
			shellPath = /bin/sh;
			shellScript = "\"${SRCROOT}/Pods/Target Support Files/Pods-CoinChecker/Pods-CoinChecker-resources.sh\"\n";
			showEnvVarsInLog = 0;
		};
		C637702A7CF526931BB83FEC /* [CP] Embed Pods Frameworks */ = {
			isa = PBXShellScriptBuildPhase;
			buildActionMask = 2147483647;
			files = (
			);
			inputPaths = (
				"${SRCROOT}/Pods/Target Support Files/Pods-CoinChecker/Pods-CoinChecker-frameworks.sh",
				"${BUILT_PRODUCTS_DIR}/APIKit/APIKit.framework",
				"${BUILT_PRODUCTS_DIR}/FLAnimatedImage/FLAnimatedImage.framework",
				"${BUILT_PRODUCTS_DIR}/Himotoki/Himotoki.framework",
				"${BUILT_PRODUCTS_DIR}/PINCache/PINCache.framework",
				"${BUILT_PRODUCTS_DIR}/PINRemoteImage/PINRemoteImage.framework",
				"${BUILT_PRODUCTS_DIR}/Result/Result.framework",
				"${BUILT_PRODUCTS_DIR}/RxCocoa/RxCocoa.framework",
				"${BUILT_PRODUCTS_DIR}/RxSwift/RxSwift.framework",
			);
			name = "[CP] Embed Pods Frameworks";
			outputPaths = (
				"${TARGET_BUILD_DIR}/${FRAMEWORKS_FOLDER_PATH}/APIKit.framework",
				"${TARGET_BUILD_DIR}/${FRAMEWORKS_FOLDER_PATH}/FLAnimatedImage.framework",
				"${TARGET_BUILD_DIR}/${FRAMEWORKS_FOLDER_PATH}/Himotoki.framework",
				"${TARGET_BUILD_DIR}/${FRAMEWORKS_FOLDER_PATH}/PINCache.framework",
				"${TARGET_BUILD_DIR}/${FRAMEWORKS_FOLDER_PATH}/PINRemoteImage.framework",
				"${TARGET_BUILD_DIR}/${FRAMEWORKS_FOLDER_PATH}/Result.framework",
				"${TARGET_BUILD_DIR}/${FRAMEWORKS_FOLDER_PATH}/RxCocoa.framework",
				"${TARGET_BUILD_DIR}/${FRAMEWORKS_FOLDER_PATH}/RxSwift.framework",
			);
			runOnlyForDeploymentPostprocessing = 0;
			shellPath = /bin/sh;
			shellScript = "\"${SRCROOT}/Pods/Target Support Files/Pods-CoinChecker/Pods-CoinChecker-frameworks.sh\"\n";
			showEnvVarsInLog = 0;
		};
/* End PBXShellScriptBuildPhase section */

/* Begin PBXSourcesBuildPhase section */
		116AFA081F5B178100CBFBA1 /* Sources */ = {
			isa = PBXSourcesBuildPhase;
			buildActionMask = 2147483647;
			files = (
				118615C81F5C504900D68A86 /* CoinType.swift in Sources */,
				116AFA251F5B1F1600CBFBA1 /* SessionRx.swift in Sources */,
				116AFA121F5B178100CBFBA1 /* ViewController.swift in Sources */,
				116AFA291F5B1FF300CBFBA1 /* ListViewModel.swift in Sources */,
				116AFA2C1F5B205300CBFBA1 /* ListCell.swift in Sources */,
				116AFA231F5B1ED100CBFBA1 /* CoinInfo.swift in Sources */,
				116AFA101F5B178100CBFBA1 /* AppDelegate.swift in Sources */,
				116AFA271F5B1F4200CBFBA1 /* API.swift in Sources */,
			);
			runOnlyForDeploymentPostprocessing = 0;
		};
/* End PBXSourcesBuildPhase section */

/* Begin PBXVariantGroup section */
		116AFA131F5B178100CBFBA1 /* Main.storyboard */ = {
			isa = PBXVariantGroup;
			children = (
				116AFA141F5B178100CBFBA1 /* Base */,
			);
			name = Main.storyboard;
			sourceTree = "<group>";
		};
		116AFA181F5B178100CBFBA1 /* LaunchScreen.storyboard */ = {
			isa = PBXVariantGroup;
			children = (
				116AFA191F5B178100CBFBA1 /* Base */,
			);
			name = LaunchScreen.storyboard;
			sourceTree = "<group>";
		};
/* End PBXVariantGroup section */

/* Begin XCBuildConfiguration section */
		116AFA1C1F5B178100CBFBA1 /* Debug */ = {
			isa = XCBuildConfiguration;
			buildSettings = {
				ALWAYS_SEARCH_USER_PATHS = NO;
				CLANG_ANALYZER_NONNULL = YES;
				CLANG_ANALYZER_NUMBER_OBJECT_CONVERSION = YES_AGGRESSIVE;
				CLANG_CXX_LANGUAGE_STANDARD = "gnu++0x";
				CLANG_CXX_LIBRARY = "libc++";
				CLANG_ENABLE_MODULES = YES;
				CLANG_ENABLE_OBJC_ARC = YES;
				CLANG_WARN_BOOL_CONVERSION = YES;
				CLANG_WARN_CONSTANT_CONVERSION = YES;
				CLANG_WARN_DIRECT_OBJC_ISA_USAGE = YES_ERROR;
				CLANG_WARN_DOCUMENTATION_COMMENTS = YES;
				CLANG_WARN_EMPTY_BODY = YES;
				CLANG_WARN_ENUM_CONVERSION = YES;
				CLANG_WARN_INFINITE_RECURSION = YES;
				CLANG_WARN_INT_CONVERSION = YES;
				CLANG_WARN_OBJC_ROOT_CLASS = YES_ERROR;
				CLANG_WARN_SUSPICIOUS_MOVE = YES;
				CLANG_WARN_UNREACHABLE_CODE = YES;
				CLANG_WARN__DUPLICATE_METHOD_MATCH = YES;
				"CODE_SIGN_IDENTITY[sdk=iphoneos*]" = "iPhone Developer";
				COPY_PHASE_STRIP = NO;
				DEBUG_INFORMATION_FORMAT = dwarf;
				ENABLE_STRICT_OBJC_MSGSEND = YES;
				ENABLE_TESTABILITY = YES;
				GCC_C_LANGUAGE_STANDARD = gnu99;
				GCC_DYNAMIC_NO_PIC = NO;
				GCC_NO_COMMON_BLOCKS = YES;
				GCC_OPTIMIZATION_LEVEL = 0;
				GCC_PREPROCESSOR_DEFINITIONS = (
					"DEBUG=1",
					"$(inherited)",
				);
				GCC_WARN_64_TO_32_BIT_CONVERSION = YES;
				GCC_WARN_ABOUT_RETURN_TYPE = YES_ERROR;
				GCC_WARN_UNDECLARED_SELECTOR = YES;
				GCC_WARN_UNINITIALIZED_AUTOS = YES_AGGRESSIVE;
				GCC_WARN_UNUSED_FUNCTION = YES;
				GCC_WARN_UNUSED_VARIABLE = YES;
				IPHONEOS_DEPLOYMENT_TARGET = 9.3;
				MTL_ENABLE_DEBUG_INFO = YES;
				ONLY_ACTIVE_ARCH = YES;
				SDKROOT = iphoneos;
				SWIFT_ACTIVE_COMPILATION_CONDITIONS = DEBUG;
				SWIFT_OPTIMIZATION_LEVEL = "-Onone";
			};
			name = Debug;
		};
		116AFA1D1F5B178100CBFBA1 /* Release */ = {
			isa = XCBuildConfiguration;
			buildSettings = {
				ALWAYS_SEARCH_USER_PATHS = NO;
				CLANG_ANALYZER_NONNULL = YES;
				CLANG_ANALYZER_NUMBER_OBJECT_CONVERSION = YES_AGGRESSIVE;
				CLANG_CXX_LANGUAGE_STANDARD = "gnu++0x";
				CLANG_CXX_LIBRARY = "libc++";
				CLANG_ENABLE_MODULES = YES;
				CLANG_ENABLE_OBJC_ARC = YES;
				CLANG_WARN_BOOL_CONVERSION = YES;
				CLANG_WARN_CONSTANT_CONVERSION = YES;
				CLANG_WARN_DIRECT_OBJC_ISA_USAGE = YES_ERROR;
				CLANG_WARN_DOCUMENTATION_COMMENTS = YES;
				CLANG_WARN_EMPTY_BODY = YES;
				CLANG_WARN_ENUM_CONVERSION = YES;
				CLANG_WARN_INFINITE_RECURSION = YES;
				CLANG_WARN_INT_CONVERSION = YES;
				CLANG_WARN_OBJC_ROOT_CLASS = YES_ERROR;
				CLANG_WARN_SUSPICIOUS_MOVE = YES;
				CLANG_WARN_UNREACHABLE_CODE = YES;
				CLANG_WARN__DUPLICATE_METHOD_MATCH = YES;
				"CODE_SIGN_IDENTITY[sdk=iphoneos*]" = "iPhone Developer";
				COPY_PHASE_STRIP = NO;
				DEBUG_INFORMATION_FORMAT = "dwarf-with-dsym";
				ENABLE_NS_ASSERTIONS = NO;
				ENABLE_STRICT_OBJC_MSGSEND = YES;
				GCC_C_LANGUAGE_STANDARD = gnu99;
				GCC_NO_COMMON_BLOCKS = YES;
				GCC_WARN_64_TO_32_BIT_CONVERSION = YES;
				GCC_WARN_ABOUT_RETURN_TYPE = YES_ERROR;
				GCC_WARN_UNDECLARED_SELECTOR = YES;
				GCC_WARN_UNINITIALIZED_AUTOS = YES_AGGRESSIVE;
				GCC_WARN_UNUSED_FUNCTION = YES;
				GCC_WARN_UNUSED_VARIABLE = YES;
				IPHONEOS_DEPLOYMENT_TARGET = 9.3;
				MTL_ENABLE_DEBUG_INFO = NO;
				SDKROOT = iphoneos;
				SWIFT_OPTIMIZATION_LEVEL = "-Owholemodule";
				VALIDATE_PRODUCT = YES;
			};
			name = Release;
		};
		116AFA1F1F5B178100CBFBA1 /* Debug */ = {
			isa = XCBuildConfiguration;
			baseConfigurationReference = 78A1A1A390FB46C579EA7A43 /* Pods-CoinChecker.debug.xcconfig */;
			buildSettings = {
				ASSETCATALOG_COMPILER_APPICON_NAME = AppIcon;
				DEVELOPMENT_TEAM = GNCWC9L25V;
				INFOPLIST_FILE = CoinChecker/Info.plist;
				IPHONEOS_DEPLOYMENT_TARGET = 9.3;
				LD_RUNPATH_SEARCH_PATHS = "$(inherited) @executable_path/Frameworks";
				PRODUCT_BUNDLE_IDENTIFIER = com.app.CoinChecker;
				PRODUCT_NAME = "$(TARGET_NAME)";
				SWIFT_VERSION = 3.0;
			};
			name = Debug;
		};
		116AFA201F5B178100CBFBA1 /* Release */ = {
			isa = XCBuildConfiguration;
			baseConfigurationReference = F6627A2A5F5C7E1C9808D244 /* Pods-CoinChecker.release.xcconfig */;
			buildSettings = {
				ASSETCATALOG_COMPILER_APPICON_NAME = AppIcon;
				DEVELOPMENT_TEAM = GNCWC9L25V;
				INFOPLIST_FILE = CoinChecker/Info.plist;
				IPHONEOS_DEPLOYMENT_TARGET = 9.3;
				LD_RUNPATH_SEARCH_PATHS = "$(inherited) @executable_path/Frameworks";
				PRODUCT_BUNDLE_IDENTIFIER = com.app.CoinChecker;
				PRODUCT_NAME = "$(TARGET_NAME)";
				SWIFT_VERSION = 3.0;
			};
			name = Release;
		};
/* End XCBuildConfiguration section */

/* Begin XCConfigurationList section */
		116AFA071F5B178100CBFBA1 /* Build configuration list for PBXProject "CoinChecker" */ = {
			isa = XCConfigurationList;
			buildConfigurations = (
				116AFA1C1F5B178100CBFBA1 /* Debug */,
				116AFA1D1F5B178100CBFBA1 /* Release */,
			);
			defaultConfigurationIsVisible = 0;
			defaultConfigurationName = Release;
		};
		116AFA1E1F5B178100CBFBA1 /* Build configuration list for PBXNativeTarget "CoinChecker" */ = {
			isa = XCConfigurationList;
			buildConfigurations = (
				116AFA1F1F5B178100CBFBA1 /* Debug */,
				116AFA201F5B178100CBFBA1 /* Release */,
			);
			defaultConfigurationIsVisible = 0;
			defaultConfigurationName = Release;
		};
/* End XCConfigurationList section */
	};
	rootObject = 116AFA041F5B178100CBFBA1 /* Project object */;
}
